
Microsoft Visual Studio Solution File, Format Version 12.00
# Visual Studio 15
VisualStudioVersion = 15.0.28010.2041
MinimumVisualStudioVersion = 10.0.40219.1
Project("{FAE04EC0-301F-11D3-BF4B-00C04F79EFBC}") = "GameOfLife", "GameOfLife\GameOfLife.csproj", "{77075D62-894B-4081-A405-8A83DDB47B3D}"
EndProject
Global
	GlobalSection(SolutionConfigurationPlatforms) = preSolution
		Debug|Any CPU = Debug|Any CPU
		Release|Any CPU = Release|Any CPU
	EndGlobalSection
	GlobalSection(ProjectConfigurationPlatforms) = postSolution
		{77075D62-894B-4081-A405-8A83DDB47B3D}.Debug|Any CPU.ActiveCfg = Debug|Any CPU
		{77075D62-894B-4081-A405-8A83DDB47B3D}.Debug|Any CPU.Build.0 = Debug|Any CPU
		{77075D62-894B-4081-A405-8A83DDB47B3D}.Release|Any CPU.ActiveCfg = Release|Any CPU
		{77075D62-894B-4081-A405-8A83DDB47B3D}.Release|Any CPU.Build.0 = Release|Any CPU
	EndGlobalSection
	GlobalSection(SolutionProperties) = preSolution
		HideSolutionNode = FALSE
	EndGlobalSection
	GlobalSection(ExtensibilityGlobals) = postSolution
		SolutionGuid = {F176BA2E-6496-41FB-905A-7E93E6835854}
	EndGlobalSection
EndGlobal
